// !$*UTF8*$!
{
	archiveVersion = 1;
	classes = {
	};
	objectVersion = 56;
	objects = {

/* Begin PBXBuildFile section */
		B93441312C4DBA8100D6BA35 /* LightningView.swift in Sources */ = {isa = PBXBuildFile; fileRef = B93441302C4DBA8100D6BA35 /* LightningView.swift */; };
		B978001A2A4407AB00BDA18D /* Snow.swift in Sources */ = {isa = PBXBuildFile; fileRef = B978FFFF2A4407AA00BDA18D /* Snow.swift */; };
		B978001B2A4407AB00BDA18D /* StoreKit Config.storekit in Resources */ = {isa = PBXBuildFile; fileRef = B97800002A4407AB00BDA18D /* StoreKit Config.storekit */; };
		B978001C2A4407AB00BDA18D /* TestingEnv.swift in Sources */ = {isa = PBXBuildFile; fileRef = B97800012A4407AB00BDA18D /* TestingEnv.swift */; };
		B978001D2A4407AB00BDA18D /* Settings.swift in Sources */ = {isa = PBXBuildFile; fileRef = B97800022A4407AB00BDA18D /* Settings.swift */; };
		B978001E2A4407AB00BDA18D /* Daily.swift in Sources */ = {isa = PBXBuildFile; fileRef = B97800032A4407AB00BDA18D /* Daily.swift */; };
		B978001F2A4407AB00BDA18D /* Wind.swift in Sources */ = {isa = PBXBuildFile; fileRef = B97800042A4407AB00BDA18D /* Wind.swift */; };
		B97800202A4407AB00BDA18D /* TempDescriptions.swift in Sources */ = {isa = PBXBuildFile; fileRef = B97800052A4407AB00BDA18D /* TempDescriptions.swift */; };
		B97800212A4407AB00BDA18D /* IAP View.swift in Sources */ = {isa = PBXBuildFile; fileRef = B97800062A4407AB00BDA18D /* IAP View.swift */; };
		B97800222A4407AB00BDA18D /* cloud.sun.view.swift in Sources */ = {isa = PBXBuildFile; fileRef = B97800072A4407AB00BDA18D /* cloud.sun.view.swift */; };
		B97800242A4407AB00BDA18D /* Alerts.swift in Sources */ = {isa = PBXBuildFile; fileRef = B97800092A4407AB00BDA18D /* Alerts.swift */; };
		B97800252A4407AB00BDA18D /* Hex.swift in Sources */ = {isa = PBXBuildFile; fileRef = B978000A2A4407AB00BDA18D /* Hex.swift */; };
		B97800262A4407AB00BDA18D /* RainFile.swift in Sources */ = {isa = PBXBuildFile; fileRef = B978000B2A4407AB00BDA18D /* RainFile.swift */; };
		B97800272A4407AB00BDA18D /* Condition Types in Resources */ = {isa = PBXBuildFile; fileRef = B978000C2A4407AB00BDA18D /* Condition Types */; };
		B97800282A4407AB00BDA18D /* Cloud.swift in Sources */ = {isa = PBXBuildFile; fileRef = B978000D2A4407AB00BDA18D /* Cloud.swift */; };
		B97800292A4407AB00BDA18D /* PurchaseManager.swift in Sources */ = {isa = PBXBuildFile; fileRef = B978000E2A4407AB00BDA18D /* PurchaseManager.swift */; };
		B978002A2A4407AB00BDA18D /* Triangle.swift in Sources */ = {isa = PBXBuildFile; fileRef = B978000F2A4407AB00BDA18D /* Triangle.swift */; };
		B978002B2A4407AB00BDA18D /* HumidityCard.swift in Sources */ = {isa = PBXBuildFile; fileRef = B97800102A4407AB00BDA18D /* HumidityCard.swift */; };
		B978002D2A4407AB00BDA18D /* BG Gradients.swift in Sources */ = {isa = PBXBuildFile; fileRef = B97800122A4407AB00BDA18D /* BG Gradients.swift */; };
		B978002E2A4407AB00BDA18D /* cloud.sun.json in Resources */ = {isa = PBXBuildFile; fileRef = B97800132A4407AB00BDA18D /* cloud.sun.json */; };
		B978002F2A4407AB00BDA18D /* Assets.xcassets in Resources */ = {isa = PBXBuildFile; fileRef = B97800142A4407AB00BDA18D /* Assets.xcassets */; };
		B97800302A4407AB00BDA18D /* Hourly.swift in Sources */ = {isa = PBXBuildFile; fileRef = B97800152A4407AB00BDA18D /* Hourly.swift */; };
		B97800312A4407AB00BDA18D /* Location.swift in Sources */ = {isa = PBXBuildFile; fileRef = B97800162A4407AB00BDA18D /* Location.swift */; };
		B97800322A4407AB00BDA18D /* Pressure.swift in Sources */ = {isa = PBXBuildFile; fileRef = B97800172A4407AB00BDA18D /* Pressure.swift */; };
		B97800362A44082800BDA18D /* LottieUI in Frameworks */ = {isa = PBXBuildFile; productRef = B97800352A44082800BDA18D /* LottieUI */; };
		B97800382A440B4200BDA18D /* MainLocationManager.swift in Sources */ = {isa = PBXBuildFile; fileRef = B97800372A440B4200BDA18D /* MainLocationManager.swift */; };
		B978FFEC2A44071F00BDA18D /* CelsiUSAApp.swift in Sources */ = {isa = PBXBuildFile; fileRef = B978FFEB2A44071F00BDA18D /* CelsiUSAApp.swift */; };
		B978FFEE2A44071F00BDA18D /* ContentView.swift in Sources */ = {isa = PBXBuildFile; fileRef = B978FFED2A44071F00BDA18D /* ContentView.swift */; };
		B978FFF32A44072200BDA18D /* Preview Assets.xcassets in Resources */ = {isa = PBXBuildFile; fileRef = B978FFF22A44072200BDA18D /* Preview Assets.xcassets */; };
/* End PBXBuildFile section */

/* Begin PBXFileReference section */
		B93441302C4DBA8100D6BA35 /* LightningView.swift */ = {isa = PBXFileReference; lastKnownFileType = sourcecode.swift; path = LightningView.swift; sourceTree = "<group>"; };
		B93622842C953E9D0040BCE5 /* Info.plist */ = {isa = PBXFileReference; lastKnownFileType = text.plist.xml; path = Info.plist; sourceTree = "<group>"; };
		B93622862C953F8F0040BCE5 /* WeatherKit.framework */ = {isa = PBXFileReference; lastKnownFileType = wrapper.framework; name = WeatherKit.framework; path = System/Library/Frameworks/WeatherKit.framework; sourceTree = SDKROOT; };
		B97800002A4407AB00BDA18D /* StoreKit Config.storekit */ = {isa = PBXFileReference; fileEncoding = 4; lastKnownFileType = text; path = "StoreKit Config.storekit"; sourceTree = "<group>"; };
		B97800012A4407AB00BDA18D /* TestingEnv.swift */ = {isa = PBXFileReference; fileEncoding = 4; lastKnownFileType = sourcecode.swift; path = TestingEnv.swift; sourceTree = "<group>"; };
		B97800022A4407AB00BDA18D /* Settings.swift */ = {isa = PBXFileReference; fileEncoding = 4; lastKnownFileType = sourcecode.swift; path = Settings.swift; sourceTree = "<group>"; };
		B97800032A4407AB00BDA18D /* Daily.swift */ = {isa = PBXFileReference; fileEncoding = 4; lastKnownFileType = sourcecode.swift; path = Daily.swift; sourceTree = "<group>"; };
		B97800042A4407AB00BDA18D /* Wind.swift */ = {isa = PBXFileReference; fileEncoding = 4; lastKnownFileType = sourcecode.swift; path = Wind.swift; sourceTree = "<group>"; };
		B97800052A4407AB00BDA18D /* TempDescriptions.swift */ = {isa = PBXFileReference; fileEncoding = 4; lastKnownFileType = sourcecode.swift; path = TempDescriptions.swift; sourceTree = "<group>"; };
		B97800062A4407AB00BDA18D /* IAP View.swift */ = {isa = PBXFileReference; fileEncoding = 4; lastKnownFileType = sourcecode.swift; path = "IAP View.swift"; sourceTree = "<group>"; };
		B97800072A4407AB00BDA18D /* cloud.sun.view.swift */ = {isa = PBXFileReference; fileEncoding = 4; lastKnownFileType = sourcecode.swift; path = cloud.sun.view.swift; sourceTree = "<group>"; };
		B97800092A4407AB00BDA18D /* Alerts.swift */ = {isa = PBXFileReference; fileEncoding = 4; lastKnownFileType = sourcecode.swift; path = Alerts.swift; sourceTree = "<group>"; };
		B978000A2A4407AB00BDA18D /* Hex.swift */ = {isa = PBXFileReference; fileEncoding = 4; lastKnownFileType = sourcecode.swift; path = Hex.swift; sourceTree = "<group>"; };
		B978000B2A4407AB00BDA18D /* RainFile.swift */ = {isa = PBXFileReference; fileEncoding = 4; lastKnownFileType = sourcecode.swift; path = RainFile.swift; sourceTree = "<group>"; };
		B978000C2A4407AB00BDA18D /* Condition Types */ = {isa = PBXFileReference; lastKnownFileType = folder; path = "Condition Types"; sourceTree = "<group>"; };
		B978000D2A4407AB00BDA18D /* Cloud.swift */ = {isa = PBXFileReference; fileEncoding = 4; lastKnownFileType = sourcecode.swift; path = Cloud.swift; sourceTree = "<group>"; };
		B978000E2A4407AB00BDA18D /* PurchaseManager.swift */ = {isa = PBXFileReference; fileEncoding = 4; lastKnownFileType = sourcecode.swift; path = PurchaseManager.swift; sourceTree = "<group>"; };
		B978000F2A4407AB00BDA18D /* Triangle.swift */ = {isa = PBXFileReference; fileEncoding = 4; lastKnownFileType = sourcecode.swift; path = Triangle.swift; sourceTree = "<group>"; };
		B97800102A4407AB00BDA18D /* HumidityCard.swift */ = {isa = PBXFileReference; fileEncoding = 4; lastKnownFileType = sourcecode.swift; path = HumidityCard.swift; sourceTree = "<group>"; };
		B97800122A4407AB00BDA18D /* BG Gradients.swift */ = {isa = PBXFileReference; fileEncoding = 4; lastKnownFileType = sourcecode.swift; path = "BG Gradients.swift"; sourceTree = "<group>"; };
		B97800132A4407AB00BDA18D /* cloud.sun.json */ = {isa = PBXFileReference; fileEncoding = 4; lastKnownFileType = text.json; path = cloud.sun.json; sourceTree = "<group>"; };
		B97800142A4407AB00BDA18D /* Assets.xcassets */ = {isa = PBXFileReference; lastKnownFileType = folder.assetcatalog; name = Assets.xcassets; path = "../../Testing Weather App/Testing Weather App/Assets.xcassets"; sourceTree = "<group>"; };
		B97800152A4407AB00BDA18D /* Hourly.swift */ = {isa = PBXFileReference; fileEncoding = 4; lastKnownFileType = sourcecode.swift; path = Hourly.swift; sourceTree = "<group>"; };
		B97800162A4407AB00BDA18D /* Location.swift */ = {isa = PBXFileReference; fileEncoding = 4; lastKnownFileType = sourcecode.swift; path = Location.swift; sourceTree = "<group>"; };
		B97800172A4407AB00BDA18D /* Pressure.swift */ = {isa = PBXFileReference; fileEncoding = 4; lastKnownFileType = sourcecode.swift; path = Pressure.swift; sourceTree = "<group>"; };
		B97800372A440B4200BDA18D /* MainLocationManager.swift */ = {isa = PBXFileReference; lastKnownFileType = sourcecode.swift; path = MainLocationManager.swift; sourceTree = "<group>"; };
		B97800392A440CC200BDA18D /* CelsiUSA.entitlements */ = {isa = PBXFileReference; lastKnownFileType = text.plist.entitlements; path = CelsiUSA.entitlements; sourceTree = "<group>"; };
		B978FFE82A44071F00BDA18D /* CelsiUSA.app */ = {isa = PBXFileReference; explicitFileType = wrapper.application; includeInIndex = 0; path = CelsiUSA.app; sourceTree = BUILT_PRODUCTS_DIR; };
		B978FFEB2A44071F00BDA18D /* CelsiUSAApp.swift */ = {isa = PBXFileReference; lastKnownFileType = sourcecode.swift; path = CelsiUSAApp.swift; sourceTree = "<group>"; };
		B978FFED2A44071F00BDA18D /* ContentView.swift */ = {isa = PBXFileReference; lastKnownFileType = sourcecode.swift; path = ContentView.swift; sourceTree = "<group>"; };
		B978FFF22A44072200BDA18D /* Preview Assets.xcassets */ = {isa = PBXFileReference; lastKnownFileType = folder.assetcatalog; path = "Preview Assets.xcassets"; sourceTree = "<group>"; };
		B978FFFF2A4407AA00BDA18D /* Snow.swift */ = {isa = PBXFileReference; fileEncoding = 4; lastKnownFileType = sourcecode.swift; path = Snow.swift; sourceTree = "<group>"; };
/* End PBXFileReference section */

/* Begin PBXFrameworksBuildPhase section */
		B978FFE52A44071F00BDA18D /* Frameworks */ = {
			isa = PBXFrameworksBuildPhase;
			buildActionMask = 2147483647;
			files = (
				B97800362A44082800BDA18D /* LottieUI in Frameworks */,
			);
			runOnlyForDeploymentPostprocessing = 0;
		};
/* End PBXFrameworksBuildPhase section */

/* Begin PBXGroup section */
		B93622852C953F8F0040BCE5 /* Frameworks */ = {
			isa = PBXGroup;
			children = (
				B93622862C953F8F0040BCE5 /* WeatherKit.framework */,
			);
			name = Frameworks;
			sourceTree = "<group>";
		};
		B978FFDF2A44071F00BDA18D = {
			isa = PBXGroup;
			children = (
				B978FFEA2A44071F00BDA18D /* CelsiUSA */,
				B93622852C953F8F0040BCE5 /* Frameworks */,
				B978FFE92A44071F00BDA18D /* Products */,
			);
			sourceTree = "<group>";
		};
		B978FFE92A44071F00BDA18D /* Products */ = {
			isa = PBXGroup;
			children = (
				B978FFE82A44071F00BDA18D /* CelsiUSA.app */,
			);
			name = Products;
			sourceTree = "<group>";
		};
		B978FFEA2A44071F00BDA18D /* CelsiUSA */ = {
			isa = PBXGroup;
			children = (
				B93622842C953E9D0040BCE5 /* Info.plist */,
				B97800392A440CC200BDA18D /* CelsiUSA.entitlements */,
				B978FFEB2A44071F00BDA18D /* CelsiUSAApp.swift */,
				B978FFED2A44071F00BDA18D /* ContentView.swift */,
				B97800372A440B4200BDA18D /* MainLocationManager.swift */,
				B97800092A4407AB00BDA18D /* Alerts.swift */,
				B97800142A4407AB00BDA18D /* Assets.xcassets */,
				B97800122A4407AB00BDA18D /* BG Gradients.swift */,
				B97800132A4407AB00BDA18D /* cloud.sun.json */,
				B97800072A4407AB00BDA18D /* cloud.sun.view.swift */,
				B978000D2A4407AB00BDA18D /* Cloud.swift */,
				B978000C2A4407AB00BDA18D /* Condition Types */,
				B97800032A4407AB00BDA18D /* Daily.swift */,
				B978000A2A4407AB00BDA18D /* Hex.swift */,
				B97800152A4407AB00BDA18D /* Hourly.swift */,
				B97800102A4407AB00BDA18D /* HumidityCard.swift */,
				B97800062A4407AB00BDA18D /* IAP View.swift */,
				B97800162A4407AB00BDA18D /* Location.swift */,
				B97800172A4407AB00BDA18D /* Pressure.swift */,
				B978000E2A4407AB00BDA18D /* PurchaseManager.swift */,
				B93441302C4DBA8100D6BA35 /* LightningView.swift */,
				B978000B2A4407AB00BDA18D /* RainFile.swift */,
				B97800022A4407AB00BDA18D /* Settings.swift */,
				B978FFFF2A4407AA00BDA18D /* Snow.swift */,
				B97800002A4407AB00BDA18D /* StoreKit Config.storekit */,
				B97800052A4407AB00BDA18D /* TempDescriptions.swift */,
				B97800012A4407AB00BDA18D /* TestingEnv.swift */,
				B978000F2A4407AB00BDA18D /* Triangle.swift */,
				B97800042A4407AB00BDA18D /* Wind.swift */,
				B978FFF12A44072200BDA18D /* Preview Content */,
			);
			path = CelsiUSA;
			sourceTree = "<group>";
		};
		B978FFF12A44072200BDA18D /* Preview Content */ = {
			isa = PBXGroup;
			children = (
				B978FFF22A44072200BDA18D /* Preview Assets.xcassets */,
			);
			path = "Preview Content";
			sourceTree = "<group>";
		};
/* End PBXGroup section */

/* Begin PBXNativeTarget section */
		B978FFE72A44071F00BDA18D /* CelsiUSA */ = {
			isa = PBXNativeTarget;
			buildConfigurationList = B978FFF62A44072200BDA18D /* Build configuration list for PBXNativeTarget "CelsiUSA" */;
			buildPhases = (
				B978FFE42A44071F00BDA18D /* Sources */,
				B978FFE52A44071F00BDA18D /* Frameworks */,
				B978FFE62A44071F00BDA18D /* Resources */,
			);
			buildRules = (
			);
			dependencies = (
			);
			name = CelsiUSA;
			packageProductDependencies = (
				B97800352A44082800BDA18D /* LottieUI */,
			);
			productName = CelsiUSA;
			productReference = B978FFE82A44071F00BDA18D /* CelsiUSA.app */;
			productType = "com.apple.product-type.application";
		};
/* End PBXNativeTarget section */

/* Begin PBXProject section */
		B978FFE02A44071F00BDA18D /* Project object */ = {
			isa = PBXProject;
			attributes = {
				BuildIndependentTargetsInParallel = 1;
				LastSwiftUpdateCheck = 1500;
				LastUpgradeCheck = 1500;
				TargetAttributes = {
					B978FFE72A44071F00BDA18D = {
						CreatedOnToolsVersion = 15.0;
					};
				};
			};
			buildConfigurationList = B978FFE32A44071F00BDA18D /* Build configuration list for PBXProject "CelsiUSA" */;
			compatibilityVersion = "Xcode 14.0";
			developmentRegion = en;
			hasScannedForEncodings = 0;
			knownRegions = (
				en,
				Base,
			);
			mainGroup = B978FFDF2A44071F00BDA18D;
			packageReferences = (
				B97800342A44082800BDA18D /* XCRemoteSwiftPackageReference "LottieUI" */,
			);
			productRefGroup = B978FFE92A44071F00BDA18D /* Products */;
			projectDirPath = "";
			projectRoot = "";
			targets = (
				B978FFE72A44071F00BDA18D /* CelsiUSA */,
			);
		};
/* End PBXProject section */

/* Begin PBXResourcesBuildPhase section */
		B978FFE62A44071F00BDA18D /* Resources */ = {
			isa = PBXResourcesBuildPhase;
			buildActionMask = 2147483647;
			files = (
				B978FFF32A44072200BDA18D /* Preview Assets.xcassets in Resources */,
				B97800272A4407AB00BDA18D /* Condition Types in Resources */,
				B978001B2A4407AB00BDA18D /* StoreKit Config.storekit in Resources */,
				B978002F2A4407AB00BDA18D /* Assets.xcassets in Resources */,
				B978002E2A4407AB00BDA18D /* cloud.sun.json in Resources */,
			);
			runOnlyForDeploymentPostprocessing = 0;
		};
/* End PBXResourcesBuildPhase section */

/* Begin PBXSourcesBuildPhase section */
		B978FFE42A44071F00BDA18D /* Sources */ = {
			isa = PBXSourcesBuildPhase;
			buildActionMask = 2147483647;
			files = (
				B978001A2A4407AB00BDA18D /* Snow.swift in Sources */,
				B97800302A4407AB00BDA18D /* Hourly.swift in Sources */,
				B978001E2A4407AB00BDA18D /* Daily.swift in Sources */,
				B978001F2A4407AB00BDA18D /* Wind.swift in Sources */,
				B978002A2A4407AB00BDA18D /* Triangle.swift in Sources */,
				B97800262A4407AB00BDA18D /* RainFile.swift in Sources */,
				B978FFEE2A44071F00BDA18D /* ContentView.swift in Sources */,
				B978002D2A4407AB00BDA18D /* BG Gradients.swift in Sources */,
				B978001C2A4407AB00BDA18D /* TestingEnv.swift in Sources */,
				B97800312A4407AB00BDA18D /* Location.swift in Sources */,
				B978002B2A4407AB00BDA18D /* HumidityCard.swift in Sources */,
				B93441312C4DBA8100D6BA35 /* LightningView.swift in Sources */,
				B97800252A4407AB00BDA18D /* Hex.swift in Sources */,
				B97800382A440B4200BDA18D /* MainLocationManager.swift in Sources */,
				B978001D2A4407AB00BDA18D /* Settings.swift in Sources */,
				B97800292A4407AB00BDA18D /* PurchaseManager.swift in Sources */,
				B97800282A4407AB00BDA18D /* Cloud.swift in Sources */,
				B97800222A4407AB00BDA18D /* cloud.sun.view.swift in Sources */,
				B97800212A4407AB00BDA18D /* IAP View.swift in Sources */,
				B97800202A4407AB00BDA18D /* TempDescriptions.swift in Sources */,
				B97800322A4407AB00BDA18D /* Pressure.swift in Sources */,
				B97800242A4407AB00BDA18D /* Alerts.swift in Sources */,
				B978FFEC2A44071F00BDA18D /* CelsiUSAApp.swift in Sources */,
			);
			runOnlyForDeploymentPostprocessing = 0;
		};
/* End PBXSourcesBuildPhase section */

/* Begin XCBuildConfiguration section */
		B978FFF42A44072200BDA18D /* Debug */ = {
			isa = XCBuildConfiguration;
			buildSettings = {
				ALWAYS_SEARCH_USER_PATHS = NO;
				ASSETCATALOG_COMPILER_GENERATE_SWIFT_ASSET_SYMBOL_EXTENSIONS = YES;
				CLANG_ANALYZER_NONNULL = YES;
				CLANG_ANALYZER_NUMBER_OBJECT_CONVERSION = YES_AGGRESSIVE;
				CLANG_CXX_LANGUAGE_STANDARD = "gnu++20";
				CLANG_ENABLE_MODULES = YES;
				CLANG_ENABLE_OBJC_ARC = YES;
				CLANG_ENABLE_OBJC_WEAK = YES;
				CLANG_WARN_BLOCK_CAPTURE_AUTORELEASING = YES;
				CLANG_WARN_BOOL_CONVERSION = YES;
				CLANG_WARN_COMMA = YES;
				CLANG_WARN_CONSTANT_CONVERSION = YES;
				CLANG_WARN_DEPRECATED_OBJC_IMPLEMENTATIONS = YES;
				CLANG_WARN_DIRECT_OBJC_ISA_USAGE = YES_ERROR;
				CLANG_WARN_DOCUMENTATION_COMMENTS = YES;
				CLANG_WARN_EMPTY_BODY = YES;
				CLANG_WARN_ENUM_CONVERSION = YES;
				CLANG_WARN_INFINITE_RECURSION = YES;
				CLANG_WARN_INT_CONVERSION = YES;
				CLANG_WARN_NON_LITERAL_NULL_CONVERSION = YES;
				CLANG_WARN_OBJC_IMPLICIT_RETAIN_SELF = YES;
				CLANG_WARN_OBJC_LITERAL_CONVERSION = YES;
				CLANG_WARN_OBJC_ROOT_CLASS = YES_ERROR;
				CLANG_WARN_QUOTED_INCLUDE_IN_FRAMEWORK_HEADER = YES;
				CLANG_WARN_RANGE_LOOP_ANALYSIS = YES;
				CLANG_WARN_STRICT_PROTOTYPES = YES;
				CLANG_WARN_SUSPICIOUS_MOVE = YES;
				CLANG_WARN_UNGUARDED_AVAILABILITY = YES_AGGRESSIVE;
				CLANG_WARN_UNREACHABLE_CODE = YES;
				CLANG_WARN__DUPLICATE_METHOD_MATCH = YES;
				COPY_PHASE_STRIP = NO;
				DEBUG_INFORMATION_FORMAT = dwarf;
				ENABLE_STRICT_OBJC_MSGSEND = YES;
				ENABLE_TESTABILITY = YES;
				ENABLE_USER_SCRIPT_SANDBOXING = YES;
				GCC_C_LANGUAGE_STANDARD = gnu17;
				GCC_DYNAMIC_NO_PIC = NO;
				GCC_NO_COMMON_BLOCKS = YES;
				GCC_OPTIMIZATION_LEVEL = 0;
				GCC_PREPROCESSOR_DEFINITIONS = (
					"DEBUG=1",
					"$(inherited)",
				);
				GCC_WARN_64_TO_32_BIT_CONVERSION = YES;
				GCC_WARN_ABOUT_RETURN_TYPE = YES_ERROR;
				GCC_WARN_UNDECLARED_SELECTOR = YES;
				GCC_WARN_UNINITIALIZED_AUTOS = YES_AGGRESSIVE;
				GCC_WARN_UNUSED_FUNCTION = YES;
				GCC_WARN_UNUSED_VARIABLE = YES;
				IPHONEOS_DEPLOYMENT_TARGET = 17.0;
				LOCALIZATION_PREFERS_STRING_CATALOGS = YES;
				MTL_ENABLE_DEBUG_INFO = INCLUDE_SOURCE;
				MTL_FAST_MATH = YES;
				ONLY_ACTIVE_ARCH = YES;
				SDKROOT = iphoneos;
				SWIFT_ACTIVE_COMPILATION_CONDITIONS = "DEBUG $(inherited)";
				SWIFT_OPTIMIZATION_LEVEL = "-Onone";
			};
			name = Debug;
		};
		B978FFF52A44072200BDA18D /* Release */ = {
			isa = XCBuildConfiguration;
			buildSettings = {
				ALWAYS_SEARCH_USER_PATHS = NO;
				ASSETCATALOG_COMPILER_GENERATE_SWIFT_ASSET_SYMBOL_EXTENSIONS = YES;
				CLANG_ANALYZER_NONNULL = YES;
				CLANG_ANALYZER_NUMBER_OBJECT_CONVERSION = YES_AGGRESSIVE;
				CLANG_CXX_LANGUAGE_STANDARD = "gnu++20";
				CLANG_ENABLE_MODULES = YES;
				CLANG_ENABLE_OBJC_ARC = YES;
				CLANG_ENABLE_OBJC_WEAK = YES;
				CLANG_WARN_BLOCK_CAPTURE_AUTORELEASING = YES;
				CLANG_WARN_BOOL_CONVERSION = YES;
				CLANG_WARN_COMMA = YES;
				CLANG_WARN_CONSTANT_CONVERSION = YES;
				CLANG_WARN_DEPRECATED_OBJC_IMPLEMENTATIONS = YES;
				CLANG_WARN_DIRECT_OBJC_ISA_USAGE = YES_ERROR;
				CLANG_WARN_DOCUMENTATION_COMMENTS = YES;
				CLANG_WARN_EMPTY_BODY = YES;
				CLANG_WARN_ENUM_CONVERSION = YES;
				CLANG_WARN_INFINITE_RECURSION = YES;
				CLANG_WARN_INT_CONVERSION = YES;
				CLANG_WARN_NON_LITERAL_NULL_CONVERSION = YES;
				CLANG_WARN_OBJC_IMPLICIT_RETAIN_SELF = YES;
				CLANG_WARN_OBJC_LITERAL_CONVERSION = YES;
				CLANG_WARN_OBJC_ROOT_CLASS = YES_ERROR;
				CLANG_WARN_QUOTED_INCLUDE_IN_FRAMEWORK_HEADER = YES;
				CLANG_WARN_RANGE_LOOP_ANALYSIS = YES;
				CLANG_WARN_STRICT_PROTOTYPES = YES;
				CLANG_WARN_SUSPICIOUS_MOVE = YES;
				CLANG_WARN_UNGUARDED_AVAILABILITY = YES_AGGRESSIVE;
				CLANG_WARN_UNREACHABLE_CODE = YES;
				CLANG_WARN__DUPLICATE_METHOD_MATCH = YES;
				COPY_PHASE_STRIP = NO;
				DEBUG_INFORMATION_FORMAT = "dwarf-with-dsym";
				ENABLE_NS_ASSERTIONS = NO;
				ENABLE_STRICT_OBJC_MSGSEND = YES;
				ENABLE_USER_SCRIPT_SANDBOXING = YES;
				GCC_C_LANGUAGE_STANDARD = gnu17;
				GCC_NO_COMMON_BLOCKS = YES;
				GCC_WARN_64_TO_32_BIT_CONVERSION = YES;
				GCC_WARN_ABOUT_RETURN_TYPE = YES_ERROR;
				GCC_WARN_UNDECLARED_SELECTOR = YES;
				GCC_WARN_UNINITIALIZED_AUTOS = YES_AGGRESSIVE;
				GCC_WARN_UNUSED_FUNCTION = YES;
				GCC_WARN_UNUSED_VARIABLE = YES;
				IPHONEOS_DEPLOYMENT_TARGET = 17.0;
				LOCALIZATION_PREFERS_STRING_CATALOGS = YES;
				MTL_ENABLE_DEBUG_INFO = NO;
				MTL_FAST_MATH = YES;
				SDKROOT = iphoneos;
				SWIFT_COMPILATION_MODE = wholemodule;
				VALIDATE_PRODUCT = YES;
			};
			name = Release;
		};
		B978FFF72A44072200BDA18D /* Debug */ = {
			isa = XCBuildConfiguration;
			buildSettings = {
				ASSETCATALOG_COMPILER_APPICON_NAME = "Purple Glow";
				ASSETCATALOG_COMPILER_GLOBAL_ACCENT_COLOR_NAME = AccentColor;
				ASSETCATALOG_COMPILER_INCLUDE_ALL_APPICON_ASSETS = YES;
				CODE_SIGN_ENTITLEMENTS = CelsiUSA/CelsiUSA.entitlements;
				CODE_SIGN_STYLE = Automatic;
				CURRENT_PROJECT_VERSION = 2;
				DEVELOPMENT_ASSET_PATHS = "\"CelsiUSA/Preview Content\"";
				DEVELOPMENT_TEAM = 47J6H2LHDD;
				ENABLE_PREVIEWS = YES;
				GENERATE_INFOPLIST_FILE = YES;
				INFOPLIST_FILE = CelsiUSA/Info.plist;
				INFOPLIST_KEY_CFBundleDisplayName = "C Weather";
				INFOPLIST_KEY_LSApplicationCategoryType = "public.app-category.weather";
				INFOPLIST_KEY_NSLocationAlwaysAndWhenInUseUsageDescription = "CelsiUSA needs your location to provide weather data.";
				INFOPLIST_KEY_NSLocationAlwaysUsageDescription = "CelsiUSA needs your location to provide weather data.";
				INFOPLIST_KEY_NSLocationWhenInUseUsageDescription = "CelsiUSA needs your location to provide weather data.";
				INFOPLIST_KEY_UIApplicationSceneManifest_Generation = YES;
				INFOPLIST_KEY_UIApplicationSupportsIndirectInputEvents = YES;
				INFOPLIST_KEY_UILaunchScreen_Generation = YES;
				INFOPLIST_KEY_UISupportedInterfaceOrientations = "UIInterfaceOrientationLandscapeLeft UIInterfaceOrientationLandscapeRight UIInterfaceOrientationPortrait UIInterfaceOrientationPortraitUpsideDown";
				IPHONEOS_DEPLOYMENT_TARGET = 16.0;
				LD_RUNPATH_SEARCH_PATHS = (
					"$(inherited)",
					"@executable_path/Frameworks",
				);
				MARKETING_VERSION = 1.2;
				PRODUCT_BUNDLE_IDENTIFIER = com.doorhingeapps.celsiusa;
				PRODUCT_NAME = "$(TARGET_NAME)";
				SWIFT_EMIT_LOC_STRINGS = YES;
				SWIFT_VERSION = 5.0;
				TARGETED_DEVICE_FAMILY = "1,2";
			};
			name = Debug;
		};
		B978FFF82A44072200BDA18D /* Release */ = {
			isa = XCBuildConfiguration;
			buildSettings = {
				ASSETCATALOG_COMPILER_APPICON_NAME = "Purple Glow";
				ASSETCATALOG_COMPILER_GLOBAL_ACCENT_COLOR_NAME = AccentColor;
				ASSETCATALOG_COMPILER_INCLUDE_ALL_APPICON_ASSETS = YES;
				CODE_SIGN_ENTITLEMENTS = CelsiUSA/CelsiUSA.entitlements;
				CODE_SIGN_STYLE = Automatic;
				CURRENT_PROJECT_VERSION = 2;
				DEVELOPMENT_ASSET_PATHS = "\"CelsiUSA/Preview Content\"";
				DEVELOPMENT_TEAM = 47J6H2LHDD;
				ENABLE_PREVIEWS = YES;
				GENERATE_INFOPLIST_FILE = YES;
				INFOPLIST_FILE = CelsiUSA/Info.plist;
				INFOPLIST_KEY_CFBundleDisplayName = "C Weather";
				INFOPLIST_KEY_LSApplicationCategoryType = "public.app-category.weather";
				INFOPLIST_KEY_NSLocationAlwaysAndWhenInUseUsageDescription = "CelsiUSA needs your location to provide weather data.";
				INFOPLIST_KEY_NSLocationAlwaysUsageDescription = "CelsiUSA needs your location to provide weather data.";
				INFOPLIST_KEY_NSLocationWhenInUseUsageDescription = "CelsiUSA needs your location to provide weather data.";
				INFOPLIST_KEY_UIApplicationSceneManifest_Generation = YES;
				INFOPLIST_KEY_UIApplicationSupportsIndirectInputEvents = YES;
				INFOPLIST_KEY_UILaunchScreen_Generation = YES;
				INFOPLIST_KEY_UISupportedInterfaceOrientations = "UIInterfaceOrientationLandscapeLeft UIInterfaceOrientationLandscapeRight UIInterfaceOrientationPortrait UIInterfaceOrientationPortraitUpsideDown";
				IPHONEOS_DEPLOYMENT_TARGET = 16.0;
				LD_RUNPATH_SEARCH_PATHS = (
					"$(inherited)",
					"@executable_path/Frameworks",
				);
				MARKETING_VERSION = 1.2;
				PRODUCT_BUNDLE_IDENTIFIER = com.doorhingeapps.celsiusa;
				PRODUCT_NAME = "$(TARGET_NAME)";
				SWIFT_EMIT_LOC_STRINGS = YES;
				SWIFT_VERSION = 5.0;
				TARGETED_DEVICE_FAMILY = "1,2";
			};
			name = Release;
		};
/* End XCBuildConfiguration section */

/* Begin XCConfigurationList section */
		B978FFE32A44071F00BDA18D /* Build configuration list for PBXProject "CelsiUSA" */ = {
			isa = XCConfigurationList;
			buildConfigurations = (
				B978FFF42A44072200BDA18D /* Debug */,
				B978FFF52A44072200BDA18D /* Release */,
			);
			defaultConfigurationIsVisible = 0;
			defaultConfigurationName = Release;
		};
		B978FFF62A44072200BDA18D /* Build configuration list for PBXNativeTarget "CelsiUSA" */ = {
			isa = XCConfigurationList;
			buildConfigurations = (
				B978FFF72A44072200BDA18D /* Debug */,
				B978FFF82A44072200BDA18D /* Release */,
			);
			defaultConfigurationIsVisible = 0;
			defaultConfigurationName = Release;
		};
/* End XCConfigurationList section */

/* Begin XCRemoteSwiftPackageReference section */
		B97800342A44082800BDA18D /* XCRemoteSwiftPackageReference "LottieUI" */ = {
			isa = XCRemoteSwiftPackageReference;
			repositoryURL = "https://github.com/tfmart/LottieUI";
			requirement = {
				kind = upToNextMajorVersion;
				minimumVersion = 1.3.1;
			};
		};
/* End XCRemoteSwiftPackageReference section */

/* Begin XCSwiftPackageProductDependency section */
		B97800352A44082800BDA18D /* LottieUI */ = {
			isa = XCSwiftPackageProductDependency;
			package = B97800342A44082800BDA18D /* XCRemoteSwiftPackageReference "LottieUI" */;
			productName = LottieUI;
		};
/* End XCSwiftPackageProductDependency section */
	};
	rootObject = B978FFE02A44071F00BDA18D /* Project object */;
}
